
Microsoft Visual Studio Solution File, Format Version 12.00
# Visual Studio 15
VisualStudioVersion = 15.0.26124.0
MinimumVisualStudioVersion = 15.0.26124.0
Project("{2150E333-8FDC-42A3-9474-1A3956D46DE8}") = "src", "src", "{C6723240-A581-448E-B845-AD563B76F666}"
EndProject
Project("{FAE04EC0-301F-11D3-BF4B-00C04F79EFBC}") = "DigitalParadox.LiveGame.GroupManagement.Web", "src\DigitalParadox.LiveGame.GroupManagement.Web\DigitalParadox.LiveGame.GroupManagement.Web.csproj", "{BE847A1F-AE6E-4581-A4F2-F2CA40952D56}"
EndProject
Global
	GlobalSection(SolutionConfigurationPlatforms) = preSolution
		Debug|Any CPU = Debug|Any CPU
		Debug|x64 = Debug|x64
		Debug|x86 = Debug|x86
		Release|Any CPU = Release|Any CPU
		Release|x64 = Release|x64
		Release|x86 = Release|x86
	EndGlobalSection
	GlobalSection(SolutionProperties) = preSolution
		HideSolutionNode = FALSE
	EndGlobalSection
	GlobalSection(ProjectConfigurationPlatforms) = postSolution
		{BE847A1F-AE6E-4581-A4F2-F2CA40952D56}.Debug|Any CPU.ActiveCfg = Debug|Any CPU
		{BE847A1F-AE6E-4581-A4F2-F2CA40952D56}.Debug|Any CPU.Build.0 = Debug|Any CPU
		{BE847A1F-AE6E-4581-A4F2-F2CA40952D56}.Debug|x64.ActiveCfg = Debug|Any CPU
		{BE847A1F-AE6E-4581-A4F2-F2CA40952D56}.Debug|x64.Build.0 = Debug|Any CPU
		{BE847A1F-AE6E-4581-A4F2-F2CA40952D56}.Debug|x86.ActiveCfg = Debug|Any CPU
		{BE847A1F-AE6E-4581-A4F2-F2CA40952D56}.Debug|x86.Build.0 = Debug|Any CPU
		{BE847A1F-AE6E-4581-A4F2-F2CA40952D56}.Release|Any CPU.ActiveCfg = Release|Any CPU
		{BE847A1F-AE6E-4581-A4F2-F2CA40952D56}.Release|Any CPU.Build.0 = Release|Any CPU
		{BE847A1F-AE6E-4581-A4F2-F2CA40952D56}.Release|x64.ActiveCfg = Release|Any CPU
		{BE847A1F-AE6E-4581-A4F2-F2CA40952D56}.Release|x64.Build.0 = Release|Any CPU
		{BE847A1F-AE6E-4581-A4F2-F2CA40952D56}.Release|x86.ActiveCfg = Release|Any CPU
		{BE847A1F-AE6E-4581-A4F2-F2CA40952D56}.Release|x86.Build.0 = Release|Any CPU
	EndGlobalSection
	GlobalSection(NestedProjects) = preSolution
		{BE847A1F-AE6E-4581-A4F2-F2CA40952D56} = {C6723240-A581-448E-B845-AD563B76F666}
	EndGlobalSection
EndGlobal
